{
  "requires": true,
  "lockfileVersion": 1,
  "dependencies": {
    "@angular/animations": {
      "version": "8.0.3",
      "resolved": "https://registry.npmjs.org/@angular/animations/-/animations-8.0.3.tgz",
      "integrity": "sha512-9zciJ4YRR0bodFSYgsgXdYMz8wKKyVjch7XZADGkWubXT8mGuwlpdPMlQ6n9Cwj8Ebu0u52WxMeQsX76K9RlYA==",
      "requires": {
        "tslib": "^1.9.0"
      }
    },
    "@angular/cdk": {
      "version": "8.0.2",
      "resolved": "https://registry.npmjs.org/@angular/cdk/-/cdk-8.0.2.tgz",
      "integrity": "sha512-Tv9M0vuTp7Ogk7mRiEpzBG9x5289FXe+WH0VKqN4zTzF/taTgGEuJBLDcFrwQMW0mFpGP7acVOiopgH+nClytg==",
      "requires": {
        "parse5": "^5.0.0",
        "tslib": "^1.7.1"
      }
    },
    "bootstrap": {
      "version": "3.4.1",
      "resolved": "https://registry.npmjs.org/bootstrap/-/bootstrap-3.4.1.tgz",
      "integrity": "sha512-yN5oZVmRCwe5aKwzRj6736nSmKDX7pLYwsXiCj/EYmo16hODaBiT4En5btW/jhBF/seV+XMx3aYwukYC3A49DA=="
    },
    "font-awesome": {
      "version": "4.7.0",
      "resolved": "https://registry.npmjs.org/font-awesome/-/font-awesome-4.7.0.tgz",
      "integrity": "sha1-j6jPBBGhoxr9B7BtKQK7n8gVoTM="
    },
    "ngx-bootstrap": {
      "version": "2.0.5",
      "resolved": "https://registry.npmjs.org/ngx-bootstrap/-/ngx-bootstrap-2.0.5.tgz",
      "integrity": "sha512-IduTVb78RDVlrz2+bn6GXK/REfM/RsRnz/AENwmrgTOg1AtvahJ9qANxXRNn33Kv9GJmkOYy/MhD3DyzeMb16w=="
    },
    "parse5": {
      "version": "5.1.0",
      "resolved": "https://registry.npmjs.org/parse5/-/parse5-5.1.0.tgz",
      "integrity": "sha512-fxNG2sQjHvlVAYmzBZS9YlDp6PTSSDwa98vkD4QgVDDCAo84z5X1t5XyJQ62ImdLXx5NdIIfihey6xpum9/gRQ=="
    },
    "primeicons": {
      "version": "1.0.0",
      "resolved": "https://registry.npmjs.org/primeicons/-/primeicons-1.0.0.tgz",
      "integrity": "sha512-p/hzIjUVccW4eJPhuORHI3AUkDpqfvCQVrjxbFEejnTEdWY4C8fomVfjiaA9jCu83fSQnBHuRIGB96iAR8R6uA=="
    },
    "primeng": {
      "version": "8.0.0",
      "resolved": "https://registry.npmjs.org/primeng/-/primeng-8.0.0.tgz",
      "integrity": "sha512-nIuwzrMqAHlev3vZAjLc9/hsTcEcbDWMHdvnao/YAvEQSyfN8C7MU9b9PV6ee9/qUgf3Wj9cIXaBPNgGaKM73A=="
    },
    "tslib": {
      "version": "1.9.3",
      "resolved": "https://registry.npmjs.org/tslib/-/tslib-1.9.3.tgz",
      "integrity": "sha512-4krF8scpejhaOgqzBEcGM7yDIEfi0/8+8zDRZhNZZ2kjmHJ4hv3zCbQWxoJGz1iw5U0Jl0nma13xzHXcncMavQ=="
    }
  }
}
